uuid: 52a52bf8-0a10-43e9-9822-a926fe77f4ab
langcode: en
status: true
dependencies:
  module:
    - system
    - wcgop_commerce
  theme:
    - acmain
id: acmain_wcgopcommercegotocartblock
theme: acmain
region: primary_menu
weight: 0
provider: null
plugin: wcgop_commerce_gotocartblock
settings:
  id: wcgop_commerce_gotocartblock
  label: 'WCGOP Commerce Go To Cart  Block'
  provider: wcgop_commerce
  label_display: visible
visibility:
  request_path:
    id: request_path
    pages: /trial
    negate: false
