uuid: e6dc0302-4e65-4717-8dd7-6308e0bf7df5
langcode: en
status: true
dependencies:
  module:
    - system
    - wcgop_commerce
  theme:
    - cdview
id: cdview_wcgopcommerceblock
theme: cdview
region: content
weight: -10
provider: null
plugin: wcgop_commerce_block
settings:
  id: wcgop_commerce_block
  label: 'WCGOP Commerce Block'
  provider: wcgop_commerce
  label_display: visible
visibility:
  request_path:
    id: request_path
    pages: /cart
    negate: false
